lockfileVersion: '9.0'

settings:
  autoInstallPeers: true
  excludeLinksFromLockfile: false

importers:

  .:
    dependencies:
      '@neon-rs/load':
        specifier: ^0.1.81
        version: 0.1.81
    devDependencies:
      '@neon-rs/cli':
        specifier: ^0.1.81
        version: 0.1.81
      '@tsconfig/node20':
        specifier: ^20.1.4
        version: 20.1.4
      typescript:
        specifier: ^5.3.3
        version: 5.6.3

packages:

  '@cargo-messages/android-arm-eabi@0.1.80':
    resolution: {integrity: sha512-QawKsQCs8rYqtq8JSEQBLuX/Tb4FcMVzg8ykSxqYy0qrgunr26MCqxGSsgzTUu4S7y3OH3RXN9lD+/JJZJB81w==}
    cpu: [arm]
    os: [android]

  '@cargo-messages/darwin-arm64@0.1.80':
    resolution: {integrity: sha512-l7s5I90Eol597qEfbQn6P7EFyxcedRpcwjXAPOqjTR7D7dHzMIxVXeLmYeiwSUsebTeQ9FWBi5H9thxJDJdShw==}
    cpu: [arm64]
    os: [darwin]

  '@cargo-messages/darwin-x64@0.1.80':
    resolution: {integrity: sha512-B8d5wjp3WosHh95nHX+MKHdb2n2/0PlajkuuULLy8sDPbC83mBoGQ6m15cY3g3nGiB9Wsot1GR6QkyaEVYZ5HQ==}
    cpu: [x64]
    os: [darwin]

  '@cargo-messages/linux-arm-gnueabihf@0.1.80':
    resolution: {integrity: sha512-q4vm0QJesAzMm0iOmTOMPQjVTgkQZCr1+NKluTb4343VDRceRQ6Hb01dzT2nm7dvsZYltP38WrsLavbrbXj08Q==}
    cpu: [arm]
    os: [linux]

  '@cargo-messages/linux-arm64-gnu@0.1.80':
    resolution: {integrity: sha512-fz7iaDWF0dK51Dg9+UzHNMHt28jTU27OZLDXHwKhWsf6VSJUAmAaM5auwTjhUbF0HXKxueak6i4MdswyArcy3A==}
    cpu: [arm64]
    os: [linux]

  '@cargo-messages/linux-arm64-musl@0.1.80':
    resolution: {integrity: sha512-jgDDHZvWg3242zGwwlw9zx/tjMZEIjzef77T68p6BYSIlqEh8Xmla7rYO7QqaxsSdhs9QcJLLrWiAzOT2bkPYg==}
    cpu: [arm64]
    os: [linux]

  '@cargo-messages/linux-x64-gnu@0.1.80':
    resolution: {integrity: sha512-Ku5OyfoxBdcQ7tYUyL7iBCZ46l7Tl0MDAmf9V/7D4K/NLIg02ducK1wrCQ+MaUAJu2pxu7gTgfR6SGeZtQOYoA==}
    cpu: [x64]
    os: [linux]

  '@cargo-messages/linux-x64-musl@0.1.80':
    resolution: {integrity: sha512-/e5oQ6kSzEjdfzznqsMOtgqMc01MWYGI0yEn1iMwgB8K+cN9ma/sTXMVpKw7PRov2lQWCuSIhG3WZeF+PmloGA==}
    cpu: [x64]
    os: [linux]

  '@cargo-messages/win32-arm64-msvc@0.1.80':
    resolution: {integrity: sha512-8f8skn92zZDhZ74nh1ODp9eqV1XsGPlHITny+BQ+pOls0b62G39ECIkcdlGVeG0qBrR+8aJ6Tnr8KjqZXv7kwQ==}
    cpu: [arm64]
    os: [win32]

  '@cargo-messages/win32-x64-msvc@0.1.80':
    resolution: {integrity: sha512-L6sM4HDOM09egXhyYhb1X9/IJZ056HHSfmEHCnnLw0NN5eotOhQS/Mp2rBmttMs6OAPjci4ugrNnTQcqzVd0BQ==}
    cpu: [x64]
    os: [win32]

  '@neon-rs/cli@0.1.81':
    resolution: {integrity: sha512-7mfLsXjXBEypMn+AxdIkCGJNdX2i9NWbeZgLKdOUcFrEnvQAAcx8pjtouxL3a/AFKYRu4QKucnFO3G+07aydtg==}
    hasBin: true

  '@neon-rs/load@0.1.81':
    resolution: {integrity: sha512-A6w26BOWkFNXw04nfmcC75mLiPd3HPYC/PAuNDlXswvNb/rf55qXpTqGSz2txJmc7V8UDfIE1CAq5FUjL9wOmQ==}

  '@tsconfig/node20@20.1.4':
    resolution: {integrity: sha512-sqgsT69YFeLWf5NtJ4Xq/xAF8p4ZQHlmGW74Nu2tD4+g5fAsposc4ZfaaPixVu4y01BEiDCWLRDCvDM5JOsRxg==}

  typescript@5.6.3:
    resolution: {integrity: sha512-hjcS1mhfuyi4WW8IWtjP7brDrG2cuDZukyrYrSauoXGNgx0S7zceP07adYkJycEr56BOUTNPzbInooiN3fn1qw==}
    engines: {node: '>=14.17'}
    hasBin: true

snapshots:

  '@cargo-messages/android-arm-eabi@0.1.80':
    optional: true

  '@cargo-messages/darwin-arm64@0.1.80':
    optional: true

  '@cargo-messages/darwin-x64@0.1.80':
    optional: true

  '@cargo-messages/linux-arm-gnueabihf@0.1.80':
    optional: true

  '@cargo-messages/linux-arm64-gnu@0.1.80':
    optional: true

  '@cargo-messages/linux-arm64-musl@0.1.80':
    optional: true

  '@cargo-messages/linux-x64-gnu@0.1.80':
    optional: true

  '@cargo-messages/linux-x64-musl@0.1.80':
    optional: true

  '@cargo-messages/win32-arm64-msvc@0.1.80':
    optional: true

  '@cargo-messages/win32-x64-msvc@0.1.80':
    optional: true

  '@neon-rs/cli@0.1.81':
    optionalDependencies:
      '@cargo-messages/android-arm-eabi': 0.1.80
      '@cargo-messages/darwin-arm64': 0.1.80
      '@cargo-messages/darwin-x64': 0.1.80
      '@cargo-messages/linux-arm-gnueabihf': 0.1.80
      '@cargo-messages/linux-arm64-gnu': 0.1.80
      '@cargo-messages/linux-arm64-musl': 0.1.80
      '@cargo-messages/linux-x64-gnu': 0.1.80
      '@cargo-messages/linux-x64-musl': 0.1.80
      '@cargo-messages/win32-arm64-msvc': 0.1.80
      '@cargo-messages/win32-x64-msvc': 0.1.80

  '@neon-rs/load@0.1.81': {}

  '@tsconfig/node20@20.1.4': {}

  typescript@5.6.3: {}
